
Microsoft Visual Studio Solution File, Format Version 12.00
# Visual Studio 2013
VisualStudioVersion = 12.0.30626.0
MinimumVisualStudioVersion = 10.0.40219.1
Project("{FAE04EC0-301F-11D3-BF4B-00C04F79EFBC}") = "Feromon.Web", "Feromon.Web\Feromon.Web.csproj", "{DE84B6C3-42A4-49F6-A97F-A0CA401B76EF}"
EndProject
Project("{FAE04EC0-301F-11D3-BF4B-00C04F79EFBC}") = "Feromon.Web.Tests", "Feromon.Web.Tests\Feromon.Web.Tests.csproj", "{4AC617D8-A3F4-4EDC-987B-832897AFC0B0}"
EndProject
Project("{2150E333-8FDC-42A3-9474-1A3956D46DE8}") = ".nuget", ".nuget", "{913D0B3A-DAD4-4871-88A4-ED975B55AF8C}"
	ProjectSection(SolutionItems) = preProject
		.nuget\packages.config = .nuget\packages.config
	EndProjectSection
EndProject
Project("{FAE04EC0-301F-11D3-BF4B-00C04F79EFBC}") = "Feromon.DataLayer", "DataLayer\Feromon.DataLayer.csproj", "{4FB65A66-C6F5-4B6F-918E-A63302F72B28}"
EndProject
Project("{FAE04EC0-301F-11D3-BF4B-00C04F79EFBC}") = "Feromon.IDataLayer", "Feromon.IDataLayer\Feromon.IDataLayer.csproj", "{4811FEFB-41A3-4801-BA78-FC8E7DF32E67}"
EndProject
Project("{FAE04EC0-301F-11D3-BF4B-00C04F79EFBC}") = "Feromon.FacebookHelper", "Feromon.FacebookHelper\Feromon.FacebookHelper.csproj", "{EFC3258B-77B9-4E8B-AB06-9FF7C97522B5}"
EndProject
Global
	GlobalSection(SolutionConfigurationPlatforms) = preSolution
		Debug|Any CPU = Debug|Any CPU
		Release|Any CPU = Release|Any CPU
	EndGlobalSection
	GlobalSection(ProjectConfigurationPlatforms) = postSolution
		{DE84B6C3-42A4-49F6-A97F-A0CA401B76EF}.Debug|Any CPU.ActiveCfg = Debug|Any CPU
		{DE84B6C3-42A4-49F6-A97F-A0CA401B76EF}.Debug|Any CPU.Build.0 = Debug|Any CPU
		{DE84B6C3-42A4-49F6-A97F-A0CA401B76EF}.Release|Any CPU.ActiveCfg = Release|Any CPU
		{DE84B6C3-42A4-49F6-A97F-A0CA401B76EF}.Release|Any CPU.Build.0 = Release|Any CPU
		{4AC617D8-A3F4-4EDC-987B-832897AFC0B0}.Debug|Any CPU.ActiveCfg = Debug|Any CPU
		{4AC617D8-A3F4-4EDC-987B-832897AFC0B0}.Debug|Any CPU.Build.0 = Debug|Any CPU
		{4AC617D8-A3F4-4EDC-987B-832897AFC0B0}.Release|Any CPU.ActiveCfg = Release|Any CPU
		{4AC617D8-A3F4-4EDC-987B-832897AFC0B0}.Release|Any CPU.Build.0 = Release|Any CPU
		{4FB65A66-C6F5-4B6F-918E-A63302F72B28}.Debug|Any CPU.ActiveCfg = Debug|Any CPU
		{4FB65A66-C6F5-4B6F-918E-A63302F72B28}.Debug|Any CPU.Build.0 = Debug|Any CPU
		{4FB65A66-C6F5-4B6F-918E-A63302F72B28}.Release|Any CPU.ActiveCfg = Release|Any CPU
		{4FB65A66-C6F5-4B6F-918E-A63302F72B28}.Release|Any CPU.Build.0 = Release|Any CPU
		{4811FEFB-41A3-4801-BA78-FC8E7DF32E67}.Debug|Any CPU.ActiveCfg = Debug|Any CPU
		{4811FEFB-41A3-4801-BA78-FC8E7DF32E67}.Debug|Any CPU.Build.0 = Debug|Any CPU
		{4811FEFB-41A3-4801-BA78-FC8E7DF32E67}.Release|Any CPU.ActiveCfg = Release|Any CPU
		{4811FEFB-41A3-4801-BA78-FC8E7DF32E67}.Release|Any CPU.Build.0 = Release|Any CPU
		{EFC3258B-77B9-4E8B-AB06-9FF7C97522B5}.Debug|Any CPU.ActiveCfg = Debug|Any CPU
		{EFC3258B-77B9-4E8B-AB06-9FF7C97522B5}.Debug|Any CPU.Build.0 = Debug|Any CPU
		{EFC3258B-77B9-4E8B-AB06-9FF7C97522B5}.Release|Any CPU.ActiveCfg = Release|Any CPU
		{EFC3258B-77B9-4E8B-AB06-9FF7C97522B5}.Release|Any CPU.Build.0 = Release|Any CPU
	EndGlobalSection
	GlobalSection(SolutionProperties) = preSolution
		HideSolutionNode = FALSE
	EndGlobalSection
EndGlobal
